
Microsoft Visual Studio Solution File, Format Version 12.00
# Visual Studio Version 17
VisualStudioVersion = 17.1.32228.430
MinimumVisualStudioVersion = 10.0.40219.1
Project("{FAE04EC0-301F-11D3-BF4B-00C04F79EFBC}") = "TRMDataManager", "TRMDataManager\TRMDataManager.csproj", "{FFB5FAA5-B6CF-477A-9F48-56A649B614A8}"
EndProject
Project("{00D1A9C2-B5F0-4AF3-8072-F6C62B433612}") = "TRMData", "TRMData\TRMData.sqlproj", "{705BC43F-CAD3-42C1-AEA0-5D0B51869D76}"
EndProject
Global
	GlobalSection(SolutionConfigurationPlatforms) = preSolution
		Debug|Any CPU = Debug|Any CPU
		Release|Any CPU = Release|Any CPU
	EndGlobalSection
	GlobalSection(ProjectConfigurationPlatforms) = postSolution
		{FFB5FAA5-B6CF-477A-9F48-56A649B614A8}.Debug|Any CPU.ActiveCfg = Debug|Any CPU
		{FFB5FAA5-B6CF-477A-9F48-56A649B614A8}.Debug|Any CPU.Build.0 = Debug|Any CPU
		{FFB5FAA5-B6CF-477A-9F48-56A649B614A8}.Release|Any CPU.ActiveCfg = Release|Any CPU
		{FFB5FAA5-B6CF-477A-9F48-56A649B614A8}.Release|Any CPU.Build.0 = Release|Any CPU
		{705BC43F-CAD3-42C1-AEA0-5D0B51869D76}.Debug|Any CPU.ActiveCfg = Debug|Any CPU
		{705BC43F-CAD3-42C1-AEA0-5D0B51869D76}.Debug|Any CPU.Build.0 = Debug|Any CPU
		{705BC43F-CAD3-42C1-AEA0-5D0B51869D76}.Debug|Any CPU.Deploy.0 = Debug|Any CPU
		{705BC43F-CAD3-42C1-AEA0-5D0B51869D76}.Release|Any CPU.ActiveCfg = Release|Any CPU
		{705BC43F-CAD3-42C1-AEA0-5D0B51869D76}.Release|Any CPU.Build.0 = Release|Any CPU
		{705BC43F-CAD3-42C1-AEA0-5D0B51869D76}.Release|Any CPU.Deploy.0 = Release|Any CPU
	EndGlobalSection
	GlobalSection(SolutionProperties) = preSolution
		HideSolutionNode = FALSE
	EndGlobalSection
	GlobalSection(ExtensibilityGlobals) = postSolution
		SolutionGuid = {3D6F2EBF-2A2C-40DC-82DC-AE8CBE5F9E92}
	EndGlobalSection
EndGlobal
